
Microsoft Visual Studio Solution File, Format Version 12.00
# Visual Studio Version 17
VisualStudioVersion = 17.7.34031.279
MinimumVisualStudioVersion = 10.0.40219.1
Project("{FAE04EC0-301F-11D3-BF4B-00C04F79EFBC}") = "GreenBookWeb", "GreenBookWeb\GreenBookWeb.csproj", "{C857F0BC-71A9-4B19-8826-C980069B1312}"
EndProject
Global
	GlobalSection(SolutionConfigurationPlatforms) = preSolution
		Debug|Any CPU = Debug|Any CPU
		Release|Any CPU = Release|Any CPU
	EndGlobalSection
	GlobalSection(ProjectConfigurationPlatforms) = postSolution
		{C857F0BC-71A9-4B19-8826-C980069B1312}.Debug|Any CPU.ActiveCfg = Debug|Any CPU
		{C857F0BC-71A9-4B19-8826-C980069B1312}.Debug|Any CPU.Build.0 = Debug|Any CPU
		{C857F0BC-71A9-4B19-8826-C980069B1312}.Release|Any CPU.ActiveCfg = Release|Any CPU
		{C857F0BC-71A9-4B19-8826-C980069B1312}.Release|Any CPU.Build.0 = Release|Any CPU
	EndGlobalSection
	GlobalSection(SolutionProperties) = preSolution
		HideSolutionNode = FALSE
	EndGlobalSection
	GlobalSection(ExtensibilityGlobals) = postSolution
		SolutionGuid = {5D811F1E-F443-4A10-9618-266558FB16BB}
	EndGlobalSection
EndGlobal
